// !$*UTF8*$!
{
	archiveVersion = 1;
	classes = {
	};
	objectVersion = 46;
	objects = {

/* Begin PBXBuildFile section */
		A6ECA09F1D9AC71100D692DD /* AppDelegate.swift in Sources */ = {isa = PBXBuildFile; fileRef = A6ECA09E1D9AC71100D692DD /* AppDelegate.swift */; };
		A6ECA0A11D9AC71100D692DD /* ViewController.swift in Sources */ = {isa = PBXBuildFile; fileRef = A6ECA0A01D9AC71100D692DD /* ViewController.swift */; };
		A6ECA0A41D9AC71100D692DD /* Main.storyboard in Resources */ = {isa = PBXBuildFile; fileRef = A6ECA0A21D9AC71100D692DD /* Main.storyboard */; };
		A6ECA0A61D9AC71100D692DD /* Assets.xcassets in Resources */ = {isa = PBXBuildFile; fileRef = A6ECA0A51D9AC71100D692DD /* Assets.xcassets */; };
		A6ECA0A91D9AC71100D692DD /* LaunchScreen.storyboard in Resources */ = {isa = PBXBuildFile; fileRef = A6ECA0A71D9AC71100D692DD /* LaunchScreen.storyboard */; };
		A6ECA0B41D9AC71100D692DD /* code2040Tests.swift in Sources */ = {isa = PBXBuildFile; fileRef = A6ECA0B31D9AC71100D692DD /* code2040Tests.swift */; };
		A6ECA0BF1D9AC71100D692DD /* code2040UITests.swift in Sources */ = {isa = PBXBuildFile; fileRef = A6ECA0BE1D9AC71100D692DD /* code2040UITests.swift */; };
/* End PBXBuildFile section */

/* Begin PBXContainerItemProxy section */
		A6ECA0B01D9AC71100D692DD /* PBXContainerItemProxy */ = {
			isa = PBXContainerItemProxy;
			containerPortal = A6ECA0931D9AC71100D692DD /* Project object */;
			proxyType = 1;
			remoteGlobalIDString = A6ECA09A1D9AC71100D692DD;
			remoteInfo = code2040;
		};
		A6ECA0BB1D9AC71100D692DD /* PBXContainerItemProxy */ = {
			isa = PBXContainerItemProxy;
			containerPortal = A6ECA0931D9AC71100D692DD /* Project object */;
			proxyType = 1;
			remoteGlobalIDString = A6ECA09A1D9AC71100D692DD;
			remoteInfo = code2040;
		};
/* End PBXContainerItemProxy section */

/* Begin PBXFileReference section */
		A6ECA09B1D9AC71100D692DD /* code2040.app */ = {isa = PBXFileReference; explicitFileType = wrapper.application; includeInIndex = 0; path = code2040.app; sourceTree = BUILT_PRODUCTS_DIR; };
		A6ECA09E1D9AC71100D692DD /* AppDelegate.swift */ = {isa = PBXFileReference; lastKnownFileType = sourcecode.swift; path = AppDelegate.swift; sourceTree = "<group>"; };
		A6ECA0A01D9AC71100D692DD /* ViewController.swift */ = {isa = PBXFileReference; lastKnownFileType = sourcecode.swift; path = ViewController.swift; sourceTree = "<group>"; };
		A6ECA0A31D9AC71100D692DD /* Base */ = {isa = PBXFileReference; lastKnownFileType = file.storyboard; name = Base; path = Base.lproj/Main.storyboard; sourceTree = "<group>"; };
		A6ECA0A51D9AC71100D692DD /* Assets.xcassets */ = {isa = PBXFileReference; lastKnownFileType = folder.assetcatalog; path = Assets.xcassets; sourceTree = "<group>"; };
		A6ECA0A81D9AC71100D692DD /* Base */ = {isa = PBXFileReference; lastKnownFileType = file.storyboard; name = Base; path = Base.lproj/LaunchScreen.storyboard; sourceTree = "<group>"; };
		A6ECA0AA1D9AC71100D692DD /* Info.plist */ = {isa = PBXFileReference; lastKnownFileType = text.plist.xml; path = Info.plist; sourceTree = "<group>"; };
		A6ECA0AF1D9AC71100D692DD /* code2040Tests.xctest */ = {isa = PBXFileReference; explicitFileType = wrapper.cfbundle; includeInIndex = 0; path = code2040Tests.xctest; sourceTree = BUILT_PRODUCTS_DIR; };
		A6ECA0B31D9AC71100D692DD /* code2040Tests.swift */ = {isa = PBXFileReference; lastKnownFileType = sourcecode.swift; path = code2040Tests.swift; sourceTree = "<group>"; };
		A6ECA0B51D9AC71100D692DD /* Info.plist */ = {isa = PBXFileReference; lastKnownFileType = text.plist.xml; path = Info.plist; sourceTree = "<group>"; };
		A6ECA0BA1D9AC71100D692DD /* code2040UITests.xctest */ = {isa = PBXFileReference; explicitFileType = wrapper.cfbundle; includeInIndex = 0; path = code2040UITests.xctest; sourceTree = BUILT_PRODUCTS_DIR; };
		A6ECA0BE1D9AC71100D692DD /* code2040UITests.swift */ = {isa = PBXFileReference; lastKnownFileType = sourcecode.swift; path = code2040UITests.swift; sourceTree = "<group>"; };
		A6ECA0C01D9AC71100D692DD /* Info.plist */ = {isa = PBXFileReference; lastKnownFileType = text.plist.xml; path = Info.plist; sourceTree = "<group>"; };
/* End PBXFileReference section */

/* Begin PBXFrameworksBuildPhase section */
		A6ECA0981D9AC71100D692DD /* Frameworks */ = {
			isa = PBXFrameworksBuildPhase;
			buildActionMask = 2147483647;
			files = (
			);
			runOnlyForDeploymentPostprocessing = 0;
		};
		A6ECA0AC1D9AC71100D692DD /* Frameworks */ = {
			isa = PBXFrameworksBuildPhase;
			buildActionMask = 2147483647;
			files = (
			);
			runOnlyForDeploymentPostprocessing = 0;
		};
		A6ECA0B71D9AC71100D692DD /* Frameworks */ = {
			isa = PBXFrameworksBuildPhase;
			buildActionMask = 2147483647;
			files = (
			);
			runOnlyForDeploymentPostprocessing = 0;
		};
/* End PBXFrameworksBuildPhase section */

/* Begin PBXGroup section */
		A6ECA0921D9AC71100D692DD = {
			isa = PBXGroup;
			children = (
				A6ECA09D1D9AC71100D692DD /* code2040 */,
				A6ECA0B21D9AC71100D692DD /* code2040Tests */,
				A6ECA0BD1D9AC71100D692DD /* code2040UITests */,
				A6ECA09C1D9AC71100D692DD /* Products */,
			);
			sourceTree = "<group>";
		};
		A6ECA09C1D9AC71100D692DD /* Products */ = {
			isa = PBXGroup;
			children = (
				A6ECA09B1D9AC71100D692DD /* code2040.app */,
				A6ECA0AF1D9AC71100D692DD /* code2040Tests.xctest */,
				A6ECA0BA1D9AC71100D692DD /* code2040UITests.xctest */,
			);
			name = Products;
			sourceTree = "<group>";
		};
		A6ECA09D1D9AC71100D692DD /* code2040 */ = {
			isa = PBXGroup;
			children = (
				A6ECA09E1D9AC71100D692DD /* AppDelegate.swift */,
				A6ECA0A01D9AC71100D692DD /* ViewController.swift */,
				A6ECA0A21D9AC71100D692DD /* Main.storyboard */,
				A6ECA0A51D9AC71100D692DD /* Assets.xcassets */,
				A6ECA0A71D9AC71100D692DD /* LaunchScreen.storyboard */,
				A6ECA0AA1D9AC71100D692DD /* Info.plist */,
			);
			path = code2040;
			sourceTree = "<group>";
		};
		A6ECA0B21D9AC71100D692DD /* code2040Tests */ = {
			isa = PBXGroup;
			children = (
				A6ECA0B31D9AC71100D692DD /* code2040Tests.swift */,
				A6ECA0B51D9AC71100D692DD /* Info.plist */,
			);
			path = code2040Tests;
			sourceTree = "<group>";
		};
		A6ECA0BD1D9AC71100D692DD /* code2040UITests */ = {
			isa = PBXGroup;
			children = (
				A6ECA0BE1D9AC71100D692DD /* code2040UITests.swift */,
				A6ECA0C01D9AC71100D692DD /* Info.plist */,
			);
			path = code2040UITests;
			sourceTree = "<group>";
		};
/* End PBXGroup section */

/* Begin PBXNativeTarget section */
		A6ECA09A1D9AC71100D692DD /* code2040 */ = {
			isa = PBXNativeTarget;
			buildConfigurationList = A6ECA0C31D9AC71100D692DD /* Build configuration list for PBXNativeTarget "code2040" */;
			buildPhases = (
				A6ECA0971D9AC71100D692DD /* Sources */,
				A6ECA0981D9AC71100D692DD /* Frameworks */,
				A6ECA0991D9AC71100D692DD /* Resources */,
			);
			buildRules = (
			);
			dependencies = (
			);
			name = code2040;
			productName = code2040;
			productReference = A6ECA09B1D9AC71100D692DD /* code2040.app */;
			productType = "com.apple.product-type.application";
		};
		A6ECA0AE1D9AC71100D692DD /* code2040Tests */ = {
			isa = PBXNativeTarget;
			buildConfigurationList = A6ECA0C61D9AC71100D692DD /* Build configuration list for PBXNativeTarget "code2040Tests" */;
			buildPhases = (
				A6ECA0AB1D9AC71100D692DD /* Sources */,
				A6ECA0AC1D9AC71100D692DD /* Frameworks */,
				A6ECA0AD1D9AC71100D692DD /* Resources */,
			);
			buildRules = (
			);
			dependencies = (
				A6ECA0B11D9AC71100D692DD /* PBXTargetDependency */,
			);
			name = code2040Tests;
			productName = code2040Tests;
			productReference = A6ECA0AF1D9AC71100D692DD /* code2040Tests.xctest */;
			productType = "com.apple.product-type.bundle.unit-test";
		};
		A6ECA0B91D9AC71100D692DD /* code2040UITests */ = {
			isa = PBXNativeTarget;
			buildConfigurationList = A6ECA0C91D9AC71100D692DD /* Build configuration list for PBXNativeTarget "code2040UITests" */;
			buildPhases = (
				A6ECA0B61D9AC71100D692DD /* Sources */,
				A6ECA0B71D9AC71100D692DD /* Frameworks */,
				A6ECA0B81D9AC71100D692DD /* Resources */,
			);
			buildRules = (
			);
			dependencies = (
				A6ECA0BC1D9AC71100D692DD /* PBXTargetDependency */,
			);
			name = code2040UITests;
			productName = code2040UITests;
			productReference = A6ECA0BA1D9AC71100D692DD /* code2040UITests.xctest */;
			productType = "com.apple.product-type.bundle.ui-testing";
		};
/* End PBXNativeTarget section */

/* Begin PBXProject section */
		A6ECA0931D9AC71100D692DD /* Project object */ = {
			isa = PBXProject;
			attributes = {
				LastSwiftUpdateCheck = 0800;
				LastUpgradeCheck = 0800;
				ORGANIZATIONNAME = "Dandre Ealy";
				TargetAttributes = {
					A6ECA09A1D9AC71100D692DD = {
						CreatedOnToolsVersion = 8.0;
						DevelopmentTeam = JC2MFJ36MH;
						ProvisioningStyle = Automatic;
					};
					A6ECA0AE1D9AC71100D692DD = {
						CreatedOnToolsVersion = 8.0;
						DevelopmentTeam = JC2MFJ36MH;
						ProvisioningStyle = Automatic;
						TestTargetID = A6ECA09A1D9AC71100D692DD;
					};
					A6ECA0B91D9AC71100D692DD = {
						CreatedOnToolsVersion = 8.0;
						DevelopmentTeam = JC2MFJ36MH;
						ProvisioningStyle = Automatic;
						TestTargetID = A6ECA09A1D9AC71100D692DD;
					};
				};
			};
			buildConfigurationList = A6ECA0961D9AC71100D692DD /* Build configuration list for PBXProject "code2040" */;
			compatibilityVersion = "Xcode 3.2";
			developmentRegion = English;
			hasScannedForEncodings = 0;
			knownRegions = (
				en,
				Base,
			);
			mainGroup = A6ECA0921D9AC71100D692DD;
			productRefGroup = A6ECA09C1D9AC71100D692DD /* Products */;
			projectDirPath = "";
			projectRoot = "";
			targets = (
				A6ECA09A1D9AC71100D692DD /* code2040 */,
				A6ECA0AE1D9AC71100D692DD /* code2040Tests */,
				A6ECA0B91D9AC71100D692DD /* code2040UITests */,
			);
		};
/* End PBXProject section */

/* Begin PBXResourcesBuildPhase section */
		A6ECA0991D9AC71100D692DD /* Resources */ = {
			isa = PBXResourcesBuildPhase;
			buildActionMask = 2147483647;
			files = (
				A6ECA0A91D9AC71100D692DD /* LaunchScreen.storyboard in Resources */,
				A6ECA0A61D9AC71100D692DD /* Assets.xcassets in Resources */,
				A6ECA0A41D9AC71100D692DD /* Main.storyboard in Resources */,
			);
			runOnlyForDeploymentPostprocessing = 0;
		};
		A6ECA0AD1D9AC71100D692DD /* Resources */ = {
			isa = PBXResourcesBuildPhase;
			buildActionMask = 2147483647;
			files = (
			);
			runOnlyForDeploymentPostprocessing = 0;
		};
		A6ECA0B81D9AC71100D692DD /* Resources */ = {
			isa = PBXResourcesBuildPhase;
			buildActionMask = 2147483647;
			files = (
			);
			runOnlyForDeploymentPostprocessing = 0;
		};
/* End PBXResourcesBuildPhase section */

/* Begin PBXSourcesBuildPhase section */
		A6ECA0971D9AC71100D692DD /* Sources */ = {
			isa = PBXSourcesBuildPhase;
			buildActionMask = 2147483647;
			files = (
				A6ECA0A11D9AC71100D692DD /* ViewController.swift in Sources */,
				A6ECA09F1D9AC71100D692DD /* AppDelegate.swift in Sources */,
			);
			runOnlyForDeploymentPostprocessing = 0;
		};
		A6ECA0AB1D9AC71100D692DD /* Sources */ = {
			isa = PBXSourcesBuildPhase;
			buildActionMask = 2147483647;
			files = (
				A6ECA0B41D9AC71100D692DD /* code2040Tests.swift in Sources */,
			);
			runOnlyForDeploymentPostprocessing = 0;
		};
		A6ECA0B61D9AC71100D692DD /* Sources */ = {
			isa = PBXSourcesBuildPhase;
			buildActionMask = 2147483647;
			files = (
				A6ECA0BF1D9AC71100D692DD /* code2040UITests.swift in Sources */,
			);
			runOnlyForDeploymentPostprocessing = 0;
		};
/* End PBXSourcesBuildPhase section */

/* Begin PBXTargetDependency section */
		A6ECA0B11D9AC71100D692DD /* PBXTargetDependency */ = {
			isa = PBXTargetDependency;
			target = A6ECA09A1D9AC71100D692DD /* code2040 */;
			targetProxy = A6ECA0B01D9AC71100D692DD /* PBXContainerItemProxy */;
		};
		A6ECA0BC1D9AC71100D692DD /* PBXTargetDependency */ = {
			isa = PBXTargetDependency;
			target = A6ECA09A1D9AC71100D692DD /* code2040 */;
			targetProxy = A6ECA0BB1D9AC71100D692DD /* PBXContainerItemProxy */;
		};
/* End PBXTargetDependency section */

/* Begin PBXVariantGroup section */
		A6ECA0A21D9AC71100D692DD /* Main.storyboard */ = {
			isa = PBXVariantGroup;
			children = (
				A6ECA0A31D9AC71100D692DD /* Base */,
			);
			name = Main.storyboard;
			sourceTree = "<group>";
		};
		A6ECA0A71D9AC71100D692DD /* LaunchScreen.storyboard */ = {
			isa = PBXVariantGroup;
			children = (
				A6ECA0A81D9AC71100D692DD /* Base */,
			);
			name = LaunchScreen.storyboard;
			sourceTree = "<group>";
		};
/* End PBXVariantGroup section */

/* Begin XCBuildConfiguration section */
		A6ECA0C11D9AC71100D692DD /* Debug */ = {
			isa = XCBuildConfiguration;
			buildSettings = {
				ALWAYS_SEARCH_USER_PATHS = NO;
				CLANG_ANALYZER_NONNULL = YES;
				CLANG_CXX_LANGUAGE_STANDARD = "gnu++0x";
				CLANG_CXX_LIBRARY = "libc++";
				CLANG_ENABLE_MODULES = YES;
				CLANG_ENABLE_OBJC_ARC = YES;
				CLANG_WARN_BOOL_CONVERSION = YES;
				CLANG_WARN_CONSTANT_CONVERSION = YES;
				CLANG_WARN_DIRECT_OBJC_ISA_USAGE = YES_ERROR;
				CLANG_WARN_DOCUMENTATION_COMMENTS = YES;
				CLANG_WARN_EMPTY_BODY = YES;
				CLANG_WARN_ENUM_CONVERSION = YES;
				CLANG_WARN_INFINITE_RECURSION = YES;
				CLANG_WARN_INT_CONVERSION = YES;
				CLANG_WARN_OBJC_ROOT_CLASS = YES_ERROR;
				CLANG_WARN_SUSPICIOUS_MOVES = YES;
				CLANG_WARN_UNREACHABLE_CODE = YES;
				CLANG_WARN__DUPLICATE_METHOD_MATCH = YES;
				"CODE_SIGN_IDENTITY[sdk=iphoneos*]" = "iPhone Developer";
				COPY_PHASE_STRIP = NO;
				DEBUG_INFORMATION_FORMAT = dwarf;
				ENABLE_STRICT_OBJC_MSGSEND = YES;
				ENABLE_TESTABILITY = YES;
				GCC_C_LANGUAGE_STANDARD = gnu99;
				GCC_DYNAMIC_NO_PIC = NO;
				GCC_NO_COMMON_BLOCKS = YES;
				GCC_OPTIMIZATION_LEVEL = 0;
				GCC_PREPROCESSOR_DEFINITIONS = (
					"DEBUG=1",
					"$(inherited)",
				);
				GCC_WARN_64_TO_32_BIT_CONVERSION = YES;
				GCC_WARN_ABOUT_RETURN_TYPE = YES_ERROR;
				GCC_WARN_UNDECLARED_SELECTOR = YES;
				GCC_WARN_UNINITIALIZED_AUTOS = YES_AGGRESSIVE;
				GCC_WARN_UNUSED_FUNCTION = YES;
				GCC_WARN_UNUSED_VARIABLE = YES;
				IPHONEOS_DEPLOYMENT_TARGET = 10.0;
				MTL_ENABLE_DEBUG_INFO = YES;
				ONLY_ACTIVE_ARCH = YES;
				SDKROOT = iphoneos;
				SWIFT_ACTIVE_COMPILATION_CONDITIONS = DEBUG;
				SWIFT_OPTIMIZATION_LEVEL = "-Onone";
				TARGETED_DEVICE_FAMILY = "1,2";
			};
			name = Debug;
		};
		A6ECA0C21D9AC71100D692DD /* Release */ = {
			isa = XCBuildConfiguration;
			buildSettings = {
				ALWAYS_SEARCH_USER_PATHS = NO;
				CLANG_ANALYZER_NONNULL = YES;
				CLANG_CXX_LANGUAGE_STANDARD = "gnu++0x";
				CLANG_CXX_LIBRARY = "libc++";
				CLANG_ENABLE_MODULES = YES;
				CLANG_ENABLE_OBJC_ARC = YES;
				CLANG_WARN_BOOL_CONVERSION = YES;
				CLANG_WARN_CONSTANT_CONVERSION = YES;
				CLANG_WARN_DIRECT_OBJC_ISA_USAGE = YES_ERROR;
				CLANG_WARN_DOCUMENTATION_COMMENTS = YES;
				CLANG_WARN_EMPTY_BODY = YES;
				CLANG_WARN_ENUM_CONVERSION = YES;
				CLANG_WARN_INFINITE_RECURSION = YES;
				CLANG_WARN_INT_CONVERSION = YES;
				CLANG_WARN_OBJC_ROOT_CLASS = YES_ERROR;
				CLANG_WARN_SUSPICIOUS_MOVES = YES;
				CLANG_WARN_UNREACHABLE_CODE = YES;
				CLANG_WARN__DUPLICATE_METHOD_MATCH = YES;
				"CODE_SIGN_IDENTITY[sdk=iphoneos*]" = "iPhone Developer";
				COPY_PHASE_STRIP = NO;
				DEBUG_INFORMATION_FORMAT = "dwarf-with-dsym";
				ENABLE_NS_ASSERTIONS = NO;
				ENABLE_STRICT_OBJC_MSGSEND = YES;
				GCC_C_LANGUAGE_STANDARD = gnu99;
				GCC_NO_COMMON_BLOCKS = YES;
				GCC_WARN_64_TO_32_BIT_CONVERSION = YES;
				GCC_WARN_ABOUT_RETURN_TYPE = YES_ERROR;
				GCC_WARN_UNDECLARED_SELECTOR = YES;
				GCC_WARN_UNINITIALIZED_AUTOS = YES_AGGRESSIVE;
				GCC_WARN_UNUSED_FUNCTION = YES;
				GCC_WARN_UNUSED_VARIABLE = YES;
				IPHONEOS_DEPLOYMENT_TARGET = 10.0;
				MTL_ENABLE_DEBUG_INFO = NO;
				SDKROOT = iphoneos;
				SWIFT_OPTIMIZATION_LEVEL = "-Owholemodule";
				TARGETED_DEVICE_FAMILY = "1,2";
				VALIDATE_PRODUCT = YES;
			};
			name = Release;
		};
		A6ECA0C41D9AC71100D692DD /* Debug */ = {
			isa = XCBuildConfiguration;
			buildSettings = {
				ASSETCATALOG_COMPILER_APPICON_NAME = AppIcon;
				DEVELOPMENT_TEAM = JC2MFJ36MH;
				INFOPLIST_FILE = code2040/Info.plist;
				LD_RUNPATH_SEARCH_PATHS = "$(inherited) @executable_path/Frameworks";
				PRODUCT_BUNDLE_IDENTIFIER = pruicode.code2040;
				PRODUCT_NAME = "$(TARGET_NAME)";
				SWIFT_VERSION = 3.0;
			};
			name = Debug;
		};
		A6ECA0C51D9AC71100D692DD /* Release */ = {
			isa = XCBuildConfiguration;
			buildSettings = {
				ASSETCATALOG_COMPILER_APPICON_NAME = AppIcon;
				DEVELOPMENT_TEAM = JC2MFJ36MH;
				INFOPLIST_FILE = code2040/Info.plist;
				LD_RUNPATH_SEARCH_PATHS = "$(inherited) @executable_path/Frameworks";
				PRODUCT_BUNDLE_IDENTIFIER = pruicode.code2040;
				PRODUCT_NAME = "$(TARGET_NAME)";
				SWIFT_VERSION = 3.0;
			};
			name = Release;
		};
		A6ECA0C71D9AC71100D692DD /* Debug */ = {
			isa = XCBuildConfiguration;
			buildSettings = {
				ALWAYS_EMBED_SWIFT_STANDARD_LIBRARIES = YES;
				BUNDLE_LOADER = "$(TEST_HOST)";
				DEVELOPMENT_TEAM = JC2MFJ36MH;
				INFOPLIST_FILE = code2040Tests/Info.plist;
				LD_RUNPATH_SEARCH_PATHS = "$(inherited) @executable_path/Frameworks @loader_path/Frameworks";
				PRODUCT_BUNDLE_IDENTIFIER = pruicode.code2040Tests;
				PRODUCT_NAME = "$(TARGET_NAME)";
				SWIFT_VERSION = 3.0;
				TEST_HOST = "$(BUILT_PRODUCTS_DIR)/code2040.app/code2040";
			};
			name = Debug;
		};
		A6ECA0C81D9AC71100D692DD /* Release */ = {
			isa = XCBuildConfiguration;
			buildSettings = {
				ALWAYS_EMBED_SWIFT_STANDARD_LIBRARIES = YES;
				BUNDLE_LOADER = "$(TEST_HOST)";
				DEVELOPMENT_TEAM = JC2MFJ36MH;
				INFOPLIST_FILE = code2040Tests/Info.plist;
				LD_RUNPATH_SEARCH_PATHS = "$(inherited) @executable_path/Frameworks @loader_path/Frameworks";
				PRODUCT_BUNDLE_IDENTIFIER = pruicode.code2040Tests;
				PRODUCT_NAME = "$(TARGET_NAME)";
				SWIFT_VERSION = 3.0;
				TEST_HOST = "$(BUILT_PRODUCTS_DIR)/code2040.app/code2040";
			};
			name = Release;
		};
		A6ECA0CA1D9AC71100D692DD /* Debug */ = {
			isa = XCBuildConfiguration;
			buildSettings = {
				ALWAYS_EMBED_SWIFT_STANDARD_LIBRARIES = YES;
				DEVELOPMENT_TEAM = JC2MFJ36MH;
				INFOPLIST_FILE = code2040UITests/Info.plist;
				LD_RUNPATH_SEARCH_PATHS = "$(inherited) @executable_path/Frameworks @loader_path/Frameworks";
				PRODUCT_BUNDLE_IDENTIFIER = pruicode.code2040UITests;
				PRODUCT_NAME = "$(TARGET_NAME)";
				SWIFT_VERSION = 3.0;
				TEST_TARGET_NAME = code2040;
			};
			name = Debug;
		};
		A6ECA0CB1D9AC71100D692DD /* Release */ = {
			isa = XCBuildConfiguration;
			buildSettings = {
				ALWAYS_EMBED_SWIFT_STANDARD_LIBRARIES = YES;
				DEVELOPMENT_TEAM = JC2MFJ36MH;
				INFOPLIST_FILE = code2040UITests/Info.plist;
				LD_RUNPATH_SEARCH_PATHS = "$(inherited) @executable_path/Frameworks @loader_path/Frameworks";
				PRODUCT_BUNDLE_IDENTIFIER = pruicode.code2040UITests;
				PRODUCT_NAME = "$(TARGET_NAME)";
				SWIFT_VERSION = 3.0;
				TEST_TARGET_NAME = code2040;
			};
			name = Release;
		};
/* End XCBuildConfiguration section */

/* Begin XCConfigurationList section */
		A6ECA0961D9AC71100D692DD /* Build configuration list for PBXProject "code2040" */ = {
			isa = XCConfigurationList;
			buildConfigurations = (
				A6ECA0C11D9AC71100D692DD /* Debug */,
				A6ECA0C21D9AC71100D692DD /* Release */,
			);
			defaultConfigurationIsVisible = 0;
			defaultConfigurationName = Release;
		};
		A6ECA0C31D9AC71100D692DD /* Build configuration list for PBXNativeTarget "code2040" */ = {
			isa = XCConfigurationList;
			buildConfigurations = (
				A6ECA0C41D9AC71100D692DD /* Debug */,
				A6ECA0C51D9AC71100D692DD /* Release */,
			);
			defaultConfigurationIsVisible = 0;
		};
		A6ECA0C61D9AC71100D692DD /* Build configuration list for PBXNativeTarget "code2040Tests" */ = {
			isa = XCConfigurationList;
			buildConfigurations = (
				A6ECA0C71D9AC71100D692DD /* Debug */,
				A6ECA0C81D9AC71100D692DD /* Release */,
			);
			defaultConfigurationIsVisible = 0;
		};
		A6ECA0C91D9AC71100D692DD /* Build configuration list for PBXNativeTarget "code2040UITests" */ = {
			isa = XCConfigurationList;
			buildConfigurations = (
				A6ECA0CA1D9AC71100D692DD /* Debug */,
				A6ECA0CB1D9AC71100D692DD /* Release */,
			);
			defaultConfigurationIsVisible = 0;
		};
/* End XCConfigurationList section */
	};
	rootObject = A6ECA0931D9AC71100D692DD /* Project object */;
}
